
Microsoft Visual Studio Solution File, Format Version 12.00
# Visual Studio Version 16
VisualStudioVersion = 16.0.30717.126
MinimumVisualStudioVersion = 10.0.40219.1
Project("{FAE04EC0-301F-11D3-BF4B-00C04F79EFBC}") = "NB1", "NB1\NB1.csproj", "{722E1839-CD9C-4724-8BD3-064781F96046}"
EndProject
Project("{FAE04EC0-301F-11D3-BF4B-00C04F79EFBC}") = "Models", "Models\Models.csproj", "{12925857-4DB9-4273-988D-F4757336F5B0}"
EndProject
Project("{FAE04EC0-301F-11D3-BF4B-00C04F79EFBC}") = "Data", "Data\Data.csproj", "{01777B6F-D3BE-4149-942B-FB7B68AE891C}"
EndProject
Global
	GlobalSection(SolutionConfigurationPlatforms) = preSolution
		Debug|Any CPU = Debug|Any CPU
		Release|Any CPU = Release|Any CPU
	EndGlobalSection
	GlobalSection(ProjectConfigurationPlatforms) = postSolution
		{722E1839-CD9C-4724-8BD3-064781F96046}.Debug|Any CPU.ActiveCfg = Debug|Any CPU
		{722E1839-CD9C-4724-8BD3-064781F96046}.Debug|Any CPU.Build.0 = Debug|Any CPU
		{722E1839-CD9C-4724-8BD3-064781F96046}.Release|Any CPU.ActiveCfg = Release|Any CPU
		{722E1839-CD9C-4724-8BD3-064781F96046}.Release|Any CPU.Build.0 = Release|Any CPU
		{12925857-4DB9-4273-988D-F4757336F5B0}.Debug|Any CPU.ActiveCfg = Debug|Any CPU
		{12925857-4DB9-4273-988D-F4757336F5B0}.Debug|Any CPU.Build.0 = Debug|Any CPU
		{12925857-4DB9-4273-988D-F4757336F5B0}.Release|Any CPU.ActiveCfg = Release|Any CPU
		{12925857-4DB9-4273-988D-F4757336F5B0}.Release|Any CPU.Build.0 = Release|Any CPU
		{01777B6F-D3BE-4149-942B-FB7B68AE891C}.Debug|Any CPU.ActiveCfg = Debug|Any CPU
		{01777B6F-D3BE-4149-942B-FB7B68AE891C}.Debug|Any CPU.Build.0 = Debug|Any CPU
		{01777B6F-D3BE-4149-942B-FB7B68AE891C}.Release|Any CPU.ActiveCfg = Release|Any CPU
		{01777B6F-D3BE-4149-942B-FB7B68AE891C}.Release|Any CPU.Build.0 = Release|Any CPU
	EndGlobalSection
	GlobalSection(SolutionProperties) = preSolution
		HideSolutionNode = FALSE
	EndGlobalSection
	GlobalSection(ExtensibilityGlobals) = postSolution
		SolutionGuid = {40B78838-8297-4C14-B9C4-BCFDF1536708}
	EndGlobalSection
EndGlobal
